// !$*UTF8*$!
{
	archiveVersion = 1;
	classes = {
	};
	objectVersion = 46;
	objects = {

/* Begin PBXBuildFile section */
		FEC3EDBE1BA664CC001EC2FC /* Parameters.swift in Sources */ = {isa = PBXBuildFile; fileRef = FEC3EDBD1BA664CC001EC2FC /* Parameters.swift */; settings = {ASSET_TAGS = (); }; };
		FEC3EDC01BA68414001EC2FC /* StocksComplication.swift in Sources */ = {isa = PBXBuildFile; fileRef = FEC3EDBF1BA68414001EC2FC /* StocksComplication.swift */; settings = {ASSET_TAGS = (); }; };
		FEC3EDC71BA73650001EC2FC /* Interface.storyboard in Resources */ = {isa = PBXBuildFile; fileRef = FEC3EDC51BA73650001EC2FC /* Interface.storyboard */; };
		FEC3EDC91BA73650001EC2FC /* Assets.xcassets in Resources */ = {isa = PBXBuildFile; fileRef = FEC3EDC81BA73650001EC2FC /* Assets.xcassets */; };
		FEC3EDD01BA73650001EC2FC /* WatchOS2 Extension.appex in Embed App Extensions */ = {isa = PBXBuildFile; fileRef = FEC3EDCF1BA73650001EC2FC /* WatchOS2 Extension.appex */; settings = {ATTRIBUTES = (RemoveHeadersOnCopy, ); }; };
		FEC3EDD51BA73650001EC2FC /* InterfaceController.swift in Sources */ = {isa = PBXBuildFile; fileRef = FEC3EDD41BA73650001EC2FC /* InterfaceController.swift */; };
		FEC3EDD71BA73650001EC2FC /* ExtensionDelegate.swift in Sources */ = {isa = PBXBuildFile; fileRef = FEC3EDD61BA73650001EC2FC /* ExtensionDelegate.swift */; };
		FEC3EDD91BA73650001EC2FC /* ComplicationController.swift in Sources */ = {isa = PBXBuildFile; fileRef = FEC3EDD81BA73650001EC2FC /* ComplicationController.swift */; };
		FEC3EDDB1BA73650001EC2FC /* Assets.xcassets in Resources */ = {isa = PBXBuildFile; fileRef = FEC3EDDA1BA73650001EC2FC /* Assets.xcassets */; };
		FEC3EDDF1BA73651001EC2FC /* WatchOS2.app in Embed Watch Content */ = {isa = PBXBuildFile; fileRef = FEC3EDC31BA73650001EC2FC /* WatchOS2.app */; };
		FED7D05D1BA4D5CD00AEA0BA /* AppDelegate.swift in Sources */ = {isa = PBXBuildFile; fileRef = FED7D05C1BA4D5CD00AEA0BA /* AppDelegate.swift */; };
		FED7D05F1BA4D5CD00AEA0BA /* ViewController.swift in Sources */ = {isa = PBXBuildFile; fileRef = FED7D05E1BA4D5CD00AEA0BA /* ViewController.swift */; };
		FED7D0621BA4D5CD00AEA0BA /* Main.storyboard in Resources */ = {isa = PBXBuildFile; fileRef = FED7D0601BA4D5CD00AEA0BA /* Main.storyboard */; };
		FED7D0641BA4D5CD00AEA0BA /* Assets.xcassets in Resources */ = {isa = PBXBuildFile; fileRef = FED7D0631BA4D5CD00AEA0BA /* Assets.xcassets */; };
		FED7D0671BA4D5CD00AEA0BA /* LaunchScreen.storyboard in Resources */ = {isa = PBXBuildFile; fileRef = FED7D0651BA4D5CD00AEA0BA /* LaunchScreen.storyboard */; };
		FED7D06C1BA4D5CD00AEA0BA /* Demo WatchKit App.app in Embed Watch Content */ = {isa = PBXBuildFile; fileRef = FED7D06B1BA4D5CD00AEA0BA /* Demo WatchKit App.app */; };
		FED7D0721BA4D5CD00AEA0BA /* Interface.storyboard in Resources */ = {isa = PBXBuildFile; fileRef = FED7D0701BA4D5CD00AEA0BA /* Interface.storyboard */; };
		FED7D0741BA4D5CD00AEA0BA /* Assets.xcassets in Resources */ = {isa = PBXBuildFile; fileRef = FED7D0731BA4D5CD00AEA0BA /* Assets.xcassets */; };
		FED7D07B1BA4D5CE00AEA0BA /* Demo WatchKit Extension.appex in Embed App Extensions */ = {isa = PBXBuildFile; fileRef = FED7D07A1BA4D5CE00AEA0BA /* Demo WatchKit Extension.appex */; settings = {ATTRIBUTES = (RemoveHeadersOnCopy, ); }; };
		FED7D0821BA4D5CE00AEA0BA /* InterfaceController.swift in Sources */ = {isa = PBXBuildFile; fileRef = FED7D0811BA4D5CE00AEA0BA /* InterfaceController.swift */; };
		FED7D0841BA4D5CE00AEA0BA /* ExtensionDelegate.swift in Sources */ = {isa = PBXBuildFile; fileRef = FED7D0831BA4D5CE00AEA0BA /* ExtensionDelegate.swift */; };
		FED7D0861BA4D5CE00AEA0BA /* NotificationController.swift in Sources */ = {isa = PBXBuildFile; fileRef = FED7D0851BA4D5CE00AEA0BA /* NotificationController.swift */; };
		FED7D0881BA4D5CE00AEA0BA /* ComplicationController.swift in Sources */ = {isa = PBXBuildFile; fileRef = FED7D0871BA4D5CE00AEA0BA /* ComplicationController.swift */; };
		FED7D08A1BA4D5CE00AEA0BA /* Assets.xcassets in Resources */ = {isa = PBXBuildFile; fileRef = FED7D0891BA4D5CE00AEA0BA /* Assets.xcassets */; };
		FEDABED71BA4E75E00471EF1 /* Portfolio.swift in Sources */ = {isa = PBXBuildFile; fileRef = FEDABED61BA4E75E00471EF1 /* Portfolio.swift */; };
		FEDABED91BA4E78600471EF1 /* Stock.swift in Sources */ = {isa = PBXBuildFile; fileRef = FEDABED81BA4E78600471EF1 /* Stock.swift */; };
/* End PBXBuildFile section */

/* Begin PBXContainerItemProxy section */
		FEC3EDD11BA73650001EC2FC /* PBXContainerItemProxy */ = {
			isa = PBXContainerItemProxy;
			containerPortal = FED7D0511BA4D5CD00AEA0BA /* Project object */;
			proxyType = 1;
			remoteGlobalIDString = FEC3EDCE1BA73650001EC2FC;
			remoteInfo = "WatchOS2 Extension";
		};
		FEC3EDDD1BA73651001EC2FC /* PBXContainerItemProxy */ = {
			isa = PBXContainerItemProxy;
			containerPortal = FED7D0511BA4D5CD00AEA0BA /* Project object */;
			proxyType = 1;
			remoteGlobalIDString = FEC3EDC21BA73650001EC2FC;
			remoteInfo = WatchOS2;
		};
		FED7D06D1BA4D5CD00AEA0BA /* PBXContainerItemProxy */ = {
			isa = PBXContainerItemProxy;
			containerPortal = FED7D0511BA4D5CD00AEA0BA /* Project object */;
			proxyType = 1;
			remoteGlobalIDString = FED7D06A1BA4D5CD00AEA0BA;
			remoteInfo = "Demo WatchKit App";
		};
		FED7D07C1BA4D5CE00AEA0BA /* PBXContainerItemProxy */ = {
			isa = PBXContainerItemProxy;
			containerPortal = FED7D0511BA4D5CD00AEA0BA /* Project object */;
			proxyType = 1;
			remoteGlobalIDString = FED7D0791BA4D5CE00AEA0BA;
			remoteInfo = "Demo WatchKit Extension";
		};
/* End PBXContainerItemProxy section */

/* Begin PBXCopyFilesBuildPhase section */
		FEC3EDE31BA73651001EC2FC /* Embed App Extensions */ = {
			isa = PBXCopyFilesBuildPhase;
			buildActionMask = 2147483647;
			dstPath = "";
			dstSubfolderSpec = 13;
			files = (
				FEC3EDD01BA73650001EC2FC /* WatchOS2 Extension.appex in Embed App Extensions */,
			);
			name = "Embed App Extensions";
			runOnlyForDeploymentPostprocessing = 0;
		};
		FED7D0911BA4D5CE00AEA0BA /* Embed App Extensions */ = {
			isa = PBXCopyFilesBuildPhase;
			buildActionMask = 2147483647;
			dstPath = "";
			dstSubfolderSpec = 13;
			files = (
				FED7D07B1BA4D5CE00AEA0BA /* Demo WatchKit Extension.appex in Embed App Extensions */,
			);
			name = "Embed App Extensions";
			runOnlyForDeploymentPostprocessing = 0;
		};
		FED7D0951BA4D5CE00AEA0BA /* Embed Watch Content */ = {
			isa = PBXCopyFilesBuildPhase;
			buildActionMask = 2147483647;
			dstPath = "$(CONTENTS_FOLDER_PATH)/Watch";
			dstSubfolderSpec = 16;
			files = (
				FEC3EDDF1BA73651001EC2FC /* WatchOS2.app in Embed Watch Content */,
				FED7D06C1BA4D5CD00AEA0BA /* Demo WatchKit App.app in Embed Watch Content */,
			);
			name = "Embed Watch Content";
			runOnlyForDeploymentPostprocessing = 0;
		};
/* End PBXCopyFilesBuildPhase section */

/* Begin PBXFileReference section */
		FEC3EDBD1BA664CC001EC2FC /* Parameters.swift */ = {isa = PBXFileReference; fileEncoding = 4; lastKnownFileType = sourcecode.swift; path = Parameters.swift; sourceTree = "<group>"; };
		FEC3EDBF1BA68414001EC2FC /* StocksComplication.swift */ = {isa = PBXFileReference; fileEncoding = 4; lastKnownFileType = sourcecode.swift; path = StocksComplication.swift; sourceTree = "<group>"; };
		FEC3EDC31BA73650001EC2FC /* WatchOS2.app */ = {isa = PBXFileReference; explicitFileType = wrapper.application; includeInIndex = 0; path = WatchOS2.app; sourceTree = BUILT_PRODUCTS_DIR; };
		FEC3EDC61BA73650001EC2FC /* Base */ = {isa = PBXFileReference; lastKnownFileType = file.storyboard; name = Base; path = Base.lproj/Interface.storyboard; sourceTree = "<group>"; };
		FEC3EDC81BA73650001EC2FC /* Assets.xcassets */ = {isa = PBXFileReference; lastKnownFileType = folder.assetcatalog; path = Assets.xcassets; sourceTree = "<group>"; };
		FEC3EDCA1BA73650001EC2FC /* Info.plist */ = {isa = PBXFileReference; lastKnownFileType = text.plist.xml; path = Info.plist; sourceTree = "<group>"; };
		FEC3EDCF1BA73650001EC2FC /* WatchOS2 Extension.appex */ = {isa = PBXFileReference; explicitFileType = "wrapper.app-extension"; includeInIndex = 0; path = "WatchOS2 Extension.appex"; sourceTree = BUILT_PRODUCTS_DIR; };
		FEC3EDD41BA73650001EC2FC /* InterfaceController.swift */ = {isa = PBXFileReference; lastKnownFileType = sourcecode.swift; path = InterfaceController.swift; sourceTree = "<group>"; };
		FEC3EDD61BA73650001EC2FC /* ExtensionDelegate.swift */ = {isa = PBXFileReference; lastKnownFileType = sourcecode.swift; path = ExtensionDelegate.swift; sourceTree = "<group>"; };
		FEC3EDD81BA73650001EC2FC /* ComplicationController.swift */ = {isa = PBXFileReference; lastKnownFileType = sourcecode.swift; path = ComplicationController.swift; sourceTree = "<group>"; };
		FEC3EDDA1BA73650001EC2FC /* Assets.xcassets */ = {isa = PBXFileReference; lastKnownFileType = folder.assetcatalog; path = Assets.xcassets; sourceTree = "<group>"; };
		FEC3EDDC1BA73650001EC2FC /* Info.plist */ = {isa = PBXFileReference; lastKnownFileType = text.plist.xml; path = Info.plist; sourceTree = "<group>"; };
		FED7D0591BA4D5CD00AEA0BA /* Demo.app */ = {isa = PBXFileReference; explicitFileType = wrapper.application; includeInIndex = 0; path = Demo.app; sourceTree = BUILT_PRODUCTS_DIR; };
		FED7D05C1BA4D5CD00AEA0BA /* AppDelegate.swift */ = {isa = PBXFileReference; lastKnownFileType = sourcecode.swift; path = AppDelegate.swift; sourceTree = "<group>"; };
		FED7D05E1BA4D5CD00AEA0BA /* ViewController.swift */ = {isa = PBXFileReference; lastKnownFileType = sourcecode.swift; path = ViewController.swift; sourceTree = "<group>"; };
		FED7D0611BA4D5CD00AEA0BA /* Base */ = {isa = PBXFileReference; lastKnownFileType = file.storyboard; name = Base; path = Base.lproj/Main.storyboard; sourceTree = "<group>"; };
		FED7D0631BA4D5CD00AEA0BA /* Assets.xcassets */ = {isa = PBXFileReference; lastKnownFileType = folder.assetcatalog; path = Assets.xcassets; sourceTree = "<group>"; };
		FED7D0661BA4D5CD00AEA0BA /* Base */ = {isa = PBXFileReference; lastKnownFileType = file.storyboard; name = Base; path = Base.lproj/LaunchScreen.storyboard; sourceTree = "<group>"; };
		FED7D0681BA4D5CD00AEA0BA /* Info.plist */ = {isa = PBXFileReference; lastKnownFileType = text.plist.xml; path = Info.plist; sourceTree = "<group>"; };
		FED7D06B1BA4D5CD00AEA0BA /* Demo WatchKit App.app */ = {isa = PBXFileReference; explicitFileType = wrapper.application; includeInIndex = 0; path = "Demo WatchKit App.app"; sourceTree = BUILT_PRODUCTS_DIR; };
		FED7D0711BA4D5CD00AEA0BA /* Base */ = {isa = PBXFileReference; lastKnownFileType = file.storyboard; name = Base; path = Base.lproj/Interface.storyboard; sourceTree = "<group>"; };
		FED7D0731BA4D5CD00AEA0BA /* Assets.xcassets */ = {isa = PBXFileReference; lastKnownFileType = folder.assetcatalog; path = Assets.xcassets; sourceTree = "<group>"; };
		FED7D0751BA4D5CD00AEA0BA /* Info.plist */ = {isa = PBXFileReference; lastKnownFileType = text.plist.xml; path = Info.plist; sourceTree = "<group>"; };
		FED7D07A1BA4D5CE00AEA0BA /* Demo WatchKit Extension.appex */ = {isa = PBXFileReference; explicitFileType = "wrapper.app-extension"; includeInIndex = 0; path = "Demo WatchKit Extension.appex"; sourceTree = BUILT_PRODUCTS_DIR; };
		FED7D0801BA4D5CE00AEA0BA /* PushNotificationPayload.apns */ = {isa = PBXFileReference; lastKnownFileType = text; path = PushNotificationPayload.apns; sourceTree = "<group>"; };
		FED7D0811BA4D5CE00AEA0BA /* InterfaceController.swift */ = {isa = PBXFileReference; lastKnownFileType = sourcecode.swift; path = InterfaceController.swift; sourceTree = "<group>"; };
		FED7D0831BA4D5CE00AEA0BA /* ExtensionDelegate.swift */ = {isa = PBXFileReference; lastKnownFileType = sourcecode.swift; path = ExtensionDelegate.swift; sourceTree = "<group>"; };
		FED7D0851BA4D5CE00AEA0BA /* NotificationController.swift */ = {isa = PBXFileReference; lastKnownFileType = sourcecode.swift; path = NotificationController.swift; sourceTree = "<group>"; };
		FED7D0871BA4D5CE00AEA0BA /* ComplicationController.swift */ = {isa = PBXFileReference; lastKnownFileType = sourcecode.swift; path = ComplicationController.swift; sourceTree = "<group>"; };
		FED7D0891BA4D5CE00AEA0BA /* Assets.xcassets */ = {isa = PBXFileReference; lastKnownFileType = folder.assetcatalog; path = Assets.xcassets; sourceTree = "<group>"; };
		FED7D08B1BA4D5CE00AEA0BA /* Info.plist */ = {isa = PBXFileReference; lastKnownFileType = text.plist.xml; path = Info.plist; sourceTree = "<group>"; };
		FEDABED61BA4E75E00471EF1 /* Portfolio.swift */ = {isa = PBXFileReference; fileEncoding = 4; lastKnownFileType = sourcecode.swift; path = Portfolio.swift; sourceTree = "<group>"; };
		FEDABED81BA4E78600471EF1 /* Stock.swift */ = {isa = PBXFileReference; fileEncoding = 4; lastKnownFileType = sourcecode.swift; path = Stock.swift; sourceTree = "<group>"; };
/* End PBXFileReference section */

/* Begin PBXFrameworksBuildPhase section */
		FEC3EDCC1BA73650001EC2FC /* Frameworks */ = {
			isa = PBXFrameworksBuildPhase;
			buildActionMask = 2147483647;
			files = (
			);
			runOnlyForDeploymentPostprocessing = 0;
		};
		FED7D0561BA4D5CD00AEA0BA /* Frameworks */ = {
			isa = PBXFrameworksBuildPhase;
			buildActionMask = 2147483647;
			files = (
			);
			runOnlyForDeploymentPostprocessing = 0;
		};
		FED7D0771BA4D5CE00AEA0BA /* Frameworks */ = {
			isa = PBXFrameworksBuildPhase;
			buildActionMask = 2147483647;
			files = (
			);
			runOnlyForDeploymentPostprocessing = 0;
		};
/* End PBXFrameworksBuildPhase section */

/* Begin PBXGroup section */
		FEC3EDC41BA73650001EC2FC /* WatchOS2 */ = {
			isa = PBXGroup;
			children = (
				FEC3EDC51BA73650001EC2FC /* Interface.storyboard */,
				FEC3EDC81BA73650001EC2FC /* Assets.xcassets */,
				FEC3EDCA1BA73650001EC2FC /* Info.plist */,
			);
			path = WatchOS2;
			sourceTree = "<group>";
		};
		FEC3EDD31BA73650001EC2FC /* WatchOS2 Extension */ = {
			isa = PBXGroup;
			children = (
				FEC3EDD41BA73650001EC2FC /* InterfaceController.swift */,
				FEC3EDD61BA73650001EC2FC /* ExtensionDelegate.swift */,
				FEC3EDD81BA73650001EC2FC /* ComplicationController.swift */,
				FEC3EDDA1BA73650001EC2FC /* Assets.xcassets */,
				FEC3EDDC1BA73650001EC2FC /* Info.plist */,
			);
			path = "WatchOS2 Extension";
			sourceTree = "<group>";
		};
		FED7D0501BA4D5CD00AEA0BA = {
			isa = PBXGroup;
			children = (
				FED7D05B1BA4D5CD00AEA0BA /* Demo */,
				FED7D06F1BA4D5CD00AEA0BA /* Demo WatchKit App */,
				FED7D07E1BA4D5CE00AEA0BA /* Demo WatchKit Extension */,
				FEC3EDC41BA73650001EC2FC /* WatchOS2 */,
				FEC3EDD31BA73650001EC2FC /* WatchOS2 Extension */,
				FED7D05A1BA4D5CD00AEA0BA /* Products */,
			);
			sourceTree = "<group>";
		};
		FED7D05A1BA4D5CD00AEA0BA /* Products */ = {
			isa = PBXGroup;
			children = (
				FED7D0591BA4D5CD00AEA0BA /* Demo.app */,
				FED7D06B1BA4D5CD00AEA0BA /* Demo WatchKit App.app */,
				FED7D07A1BA4D5CE00AEA0BA /* Demo WatchKit Extension.appex */,
				FEC3EDC31BA73650001EC2FC /* WatchOS2.app */,
				FEC3EDCF1BA73650001EC2FC /* WatchOS2 Extension.appex */,
			);
			name = Products;
			sourceTree = "<group>";
		};
		FED7D05B1BA4D5CD00AEA0BA /* Demo */ = {
			isa = PBXGroup;
			children = (
				FED7D05C1BA4D5CD00AEA0BA /* AppDelegate.swift */,
				FED7D05E1BA4D5CD00AEA0BA /* ViewController.swift */,
				FED7D0601BA4D5CD00AEA0BA /* Main.storyboard */,
				FED7D0631BA4D5CD00AEA0BA /* Assets.xcassets */,
				FED7D0651BA4D5CD00AEA0BA /* LaunchScreen.storyboard */,
				FED7D0681BA4D5CD00AEA0BA /* Info.plist */,
			);
			path = Demo;
			sourceTree = "<group>";
		};
		FED7D06F1BA4D5CD00AEA0BA /* Demo WatchKit App */ = {
			isa = PBXGroup;
			children = (
				FED7D0701BA4D5CD00AEA0BA /* Interface.storyboard */,
				FED7D0731BA4D5CD00AEA0BA /* Assets.xcassets */,
				FED7D0751BA4D5CD00AEA0BA /* Info.plist */,
			);
			path = "Demo WatchKit App";
			sourceTree = "<group>";
		};
		FED7D07E1BA4D5CE00AEA0BA /* Demo WatchKit Extension */ = {
			isa = PBXGroup;
			children = (
				FEDABED61BA4E75E00471EF1 /* Portfolio.swift */,
				FEDABED81BA4E78600471EF1 /* Stock.swift */,
				FEC3EDBD1BA664CC001EC2FC /* Parameters.swift */,
				FED7D0811BA4D5CE00AEA0BA /* InterfaceController.swift */,
				FED7D0831BA4D5CE00AEA0BA /* ExtensionDelegate.swift */,
				FED7D0851BA4D5CE00AEA0BA /* NotificationController.swift */,
				FED7D0871BA4D5CE00AEA0BA /* ComplicationController.swift */,
				FED7D0891BA4D5CE00AEA0BA /* Assets.xcassets */,
				FED7D08B1BA4D5CE00AEA0BA /* Info.plist */,
				FEC3EDBF1BA68414001EC2FC /* StocksComplication.swift */,
				FED7D07F1BA4D5CE00AEA0BA /* Supporting Files */,
			);
			path = "Demo WatchKit Extension";
			sourceTree = "<group>";
		};
		FED7D07F1BA4D5CE00AEA0BA /* Supporting Files */ = {
			isa = PBXGroup;
			children = (
				FED7D0801BA4D5CE00AEA0BA /* PushNotificationPayload.apns */,
			);
			name = "Supporting Files";
			sourceTree = "<group>";
		};
/* End PBXGroup section */

/* Begin PBXNativeTarget section */
		FEC3EDC21BA73650001EC2FC /* WatchOS2 */ = {
			isa = PBXNativeTarget;
			buildConfigurationList = FEC3EDE41BA73651001EC2FC /* Build configuration list for PBXNativeTarget "WatchOS2" */;
			buildPhases = (
				FEC3EDC11BA73650001EC2FC /* Resources */,
				FEC3EDE31BA73651001EC2FC /* Embed App Extensions */,
			);
			buildRules = (
			);
			dependencies = (
				FEC3EDD21BA73650001EC2FC /* PBXTargetDependency */,
			);
			name = WatchOS2;
			productName = WatchOS2;
			productReference = FEC3EDC31BA73650001EC2FC /* WatchOS2.app */;
			productType = "com.apple.product-type.application.watchapp2";
		};
		FEC3EDCE1BA73650001EC2FC /* WatchOS2 Extension */ = {
			isa = PBXNativeTarget;
			buildConfigurationList = FEC3EDE01BA73651001EC2FC /* Build configuration list for PBXNativeTarget "WatchOS2 Extension" */;
			buildPhases = (
				FEC3EDCB1BA73650001EC2FC /* Sources */,
				FEC3EDCC1BA73650001EC2FC /* Frameworks */,
				FEC3EDCD1BA73650001EC2FC /* Resources */,
			);
			buildRules = (
			);
			dependencies = (
			);
			name = "WatchOS2 Extension";
			productName = "WatchOS2 Extension";
			productReference = FEC3EDCF1BA73650001EC2FC /* WatchOS2 Extension.appex */;
			productType = "com.apple.product-type.watchkit2-extension";
		};
		FED7D0581BA4D5CD00AEA0BA /* Demo */ = {
			isa = PBXNativeTarget;
			buildConfigurationList = FED7D0961BA4D5CE00AEA0BA /* Build configuration list for PBXNativeTarget "Demo" */;
			buildPhases = (
				FED7D0551BA4D5CD00AEA0BA /* Sources */,
				FED7D0561BA4D5CD00AEA0BA /* Frameworks */,
				FED7D0571BA4D5CD00AEA0BA /* Resources */,
				FED7D0951BA4D5CE00AEA0BA /* Embed Watch Content */,
			);
			buildRules = (
			);
			dependencies = (
				FED7D06E1BA4D5CD00AEA0BA /* PBXTargetDependency */,
				FEC3EDDE1BA73651001EC2FC /* PBXTargetDependency */,
			);
			name = Demo;
			productName = Demo;
			productReference = FED7D0591BA4D5CD00AEA0BA /* Demo.app */;
			productType = "com.apple.product-type.application";
		};
		FED7D06A1BA4D5CD00AEA0BA /* Demo WatchKit App */ = {
			isa = PBXNativeTarget;
			buildConfigurationList = FED7D0921BA4D5CE00AEA0BA /* Build configuration list for PBXNativeTarget "Demo WatchKit App" */;
			buildPhases = (
				FED7D0691BA4D5CD00AEA0BA /* Resources */,
				FED7D0911BA4D5CE00AEA0BA /* Embed App Extensions */,
			);
			buildRules = (
			);
			dependencies = (
				FED7D07D1BA4D5CE00AEA0BA /* PBXTargetDependency */,
			);
			name = "Demo WatchKit App";
			productName = "Demo WatchKit App";
			productReference = FED7D06B1BA4D5CD00AEA0BA /* Demo WatchKit App.app */;
			productType = "com.apple.product-type.application.watchapp2";
		};
		FED7D0791BA4D5CE00AEA0BA /* Demo WatchKit Extension */ = {
			isa = PBXNativeTarget;
			buildConfigurationList = FED7D08E1BA4D5CE00AEA0BA /* Build configuration list for PBXNativeTarget "Demo WatchKit Extension" */;
			buildPhases = (
				FED7D0761BA4D5CE00AEA0BA /* Sources */,
				FED7D0771BA4D5CE00AEA0BA /* Frameworks */,
				FED7D0781BA4D5CE00AEA0BA /* Resources */,
			);
			buildRules = (
			);
			dependencies = (
			);
			name = "Demo WatchKit Extension";
			productName = "Demo WatchKit Extension";
			productReference = FED7D07A1BA4D5CE00AEA0BA /* Demo WatchKit Extension.appex */;
			productType = "com.apple.product-type.watchkit2-extension";
		};
/* End PBXNativeTarget section */

/* Begin PBXProject section */
		FED7D0511BA4D5CD00AEA0BA /* Project object */ = {
			isa = PBXProject;
			attributes = {
				LastSwiftUpdateCheck = 0710;
				LastUpgradeCheck = 0700;
				ORGANIZATIONNAME = "George Jose";
				TargetAttributes = {
					FEC3EDC21BA73650001EC2FC = {
						CreatedOnToolsVersion = 7.0;
					};
					FEC3EDCE1BA73650001EC2FC = {
						CreatedOnToolsVersion = 7.0;
					};
					FED7D0581BA4D5CD00AEA0BA = {
						CreatedOnToolsVersion = 7.0;
					};
					FED7D06A1BA4D5CD00AEA0BA = {
						CreatedOnToolsVersion = 7.0;
					};
					FED7D0791BA4D5CE00AEA0BA = {
						CreatedOnToolsVersion = 7.0;
						DevelopmentTeam = LXR9UEALQ7;
					};
				};
			};
			buildConfigurationList = FED7D0541BA4D5CD00AEA0BA /* Build configuration list for PBXProject "Demo" */;
			compatibilityVersion = "Xcode 3.2";
			developmentRegion = English;
			hasScannedForEncodings = 0;
			knownRegions = (
				en,
				Base,
			);
			mainGroup = FED7D0501BA4D5CD00AEA0BA;
			productRefGroup = FED7D05A1BA4D5CD00AEA0BA /* Products */;
			projectDirPath = "";
			projectRoot = "";
			targets = (
				FED7D0581BA4D5CD00AEA0BA /* Demo */,
				FED7D06A1BA4D5CD00AEA0BA /* Demo WatchKit App */,
				FED7D0791BA4D5CE00AEA0BA /* Demo WatchKit Extension */,
				FEC3EDC21BA73650001EC2FC /* WatchOS2 */,
				FEC3EDCE1BA73650001EC2FC /* WatchOS2 Extension */,
			);
		};
/* End PBXProject section */

/* Begin PBXResourcesBuildPhase section */
		FEC3EDC11BA73650001EC2FC /* Resources */ = {
			isa = PBXResourcesBuildPhase;
			buildActionMask = 2147483647;
			files = (
				FEC3EDC91BA73650001EC2FC /* Assets.xcassets in Resources */,
				FEC3EDC71BA73650001EC2FC /* Interface.storyboard in Resources */,
			);
			runOnlyForDeploymentPostprocessing = 0;
		};
		FEC3EDCD1BA73650001EC2FC /* Resources */ = {
			isa = PBXResourcesBuildPhase;
			buildActionMask = 2147483647;
			files = (
				FEC3EDDB1BA73650001EC2FC /* Assets.xcassets in Resources */,
			);
			runOnlyForDeploymentPostprocessing = 0;
		};
		FED7D0571BA4D5CD00AEA0BA /* Resources */ = {
			isa = PBXResourcesBuildPhase;
			buildActionMask = 2147483647;
			files = (
				FED7D0671BA4D5CD00AEA0BA /* LaunchScreen.storyboard in Resources */,
				FED7D0641BA4D5CD00AEA0BA /* Assets.xcassets in Resources */,
				FED7D0621BA4D5CD00AEA0BA /* Main.storyboard in Resources */,
			);
			runOnlyForDeploymentPostprocessing = 0;
		};
		FED7D0691BA4D5CD00AEA0BA /* Resources */ = {
			isa = PBXResourcesBuildPhase;
			buildActionMask = 2147483647;
			files = (
				FED7D0741BA4D5CD00AEA0BA /* Assets.xcassets in Resources */,
				FED7D0721BA4D5CD00AEA0BA /* Interface.storyboard in Resources */,
			);
			runOnlyForDeploymentPostprocessing = 0;
		};
		FED7D0781BA4D5CE00AEA0BA /* Resources */ = {
			isa = PBXResourcesBuildPhase;
			buildActionMask = 2147483647;
			files = (
				FED7D08A1BA4D5CE00AEA0BA /* Assets.xcassets in Resources */,
			);
			runOnlyForDeploymentPostprocessing = 0;
		};
/* End PBXResourcesBuildPhase section */

/* Begin PBXSourcesBuildPhase section */
		FEC3EDCB1BA73650001EC2FC /* Sources */ = {
			isa = PBXSourcesBuildPhase;
			buildActionMask = 2147483647;
			files = (
				FEC3EDD71BA73650001EC2FC /* ExtensionDelegate.swift in Sources */,
				FEC3EDD51BA73650001EC2FC /* InterfaceController.swift in Sources */,
				FEC3EDD91BA73650001EC2FC /* ComplicationController.swift in Sources */,
			);
			runOnlyForDeploymentPostprocessing = 0;
		};
		FED7D0551BA4D5CD00AEA0BA /* Sources */ = {
			isa = PBXSourcesBuildPhase;
			buildActionMask = 2147483647;
			files = (
				FED7D05F1BA4D5CD00AEA0BA /* ViewController.swift in Sources */,
				FED7D05D1BA4D5CD00AEA0BA /* AppDelegate.swift in Sources */,
			);
			runOnlyForDeploymentPostprocessing = 0;
		};
		FED7D0761BA4D5CE00AEA0BA /* Sources */ = {
			isa = PBXSourcesBuildPhase;
			buildActionMask = 2147483647;
			files = (
				FED7D0861BA4D5CE00AEA0BA /* NotificationController.swift in Sources */,
				FEC3EDBE1BA664CC001EC2FC /* Parameters.swift in Sources */,
				FED7D0881BA4D5CE00AEA0BA /* ComplicationController.swift in Sources */,
				FEDABED91BA4E78600471EF1 /* Stock.swift in Sources */,
				FEC3EDC01BA68414001EC2FC /* StocksComplication.swift in Sources */,
				FED7D0841BA4D5CE00AEA0BA /* ExtensionDelegate.swift in Sources */,
				FED7D0821BA4D5CE00AEA0BA /* InterfaceController.swift in Sources */,
				FEDABED71BA4E75E00471EF1 /* Portfolio.swift in Sources */,
			);
			runOnlyForDeploymentPostprocessing = 0;
		};
/* End PBXSourcesBuildPhase section */

/* Begin PBXTargetDependency section */
		FEC3EDD21BA73650001EC2FC /* PBXTargetDependency */ = {
			isa = PBXTargetDependency;
			target = FEC3EDCE1BA73650001EC2FC /* WatchOS2 Extension */;
			targetProxy = FEC3EDD11BA73650001EC2FC /* PBXContainerItemProxy */;
		};
		FEC3EDDE1BA73651001EC2FC /* PBXTargetDependency */ = {
			isa = PBXTargetDependency;
			target = FEC3EDC21BA73650001EC2FC /* WatchOS2 */;
			targetProxy = FEC3EDDD1BA73651001EC2FC /* PBXContainerItemProxy */;
		};
		FED7D06E1BA4D5CD00AEA0BA /* PBXTargetDependency */ = {
			isa = PBXTargetDependency;
			target = FED7D06A1BA4D5CD00AEA0BA /* Demo WatchKit App */;
			targetProxy = FED7D06D1BA4D5CD00AEA0BA /* PBXContainerItemProxy */;
		};
		FED7D07D1BA4D5CE00AEA0BA /* PBXTargetDependency */ = {
			isa = PBXTargetDependency;
			target = FED7D0791BA4D5CE00AEA0BA /* Demo WatchKit Extension */;
			targetProxy = FED7D07C1BA4D5CE00AEA0BA /* PBXContainerItemProxy */;
		};
/* End PBXTargetDependency section */

/* Begin PBXVariantGroup section */
		FEC3EDC51BA73650001EC2FC /* Interface.storyboard */ = {
			isa = PBXVariantGroup;
			children = (
				FEC3EDC61BA73650001EC2FC /* Base */,
			);
			name = Interface.storyboard;
			sourceTree = "<group>";
		};
		FED7D0601BA4D5CD00AEA0BA /* Main.storyboard */ = {
			isa = PBXVariantGroup;
			children = (
				FED7D0611BA4D5CD00AEA0BA /* Base */,
			);
			name = Main.storyboard;
			sourceTree = "<group>";
		};
		FED7D0651BA4D5CD00AEA0BA /* LaunchScreen.storyboard */ = {
			isa = PBXVariantGroup;
			children = (
				FED7D0661BA4D5CD00AEA0BA /* Base */,
			);
			name = LaunchScreen.storyboard;
			sourceTree = "<group>";
		};
		FED7D0701BA4D5CD00AEA0BA /* Interface.storyboard */ = {
			isa = PBXVariantGroup;
			children = (
				FED7D0711BA4D5CD00AEA0BA /* Base */,
			);
			name = Interface.storyboard;
			sourceTree = "<group>";
		};
/* End PBXVariantGroup section */

/* Begin XCBuildConfiguration section */
		FEC3EDE11BA73651001EC2FC /* Debug */ = {
			isa = XCBuildConfiguration;
			buildSettings = {
				ASSETCATALOG_COMPILER_COMPLICATION_NAME = Complication;
				INFOPLIST_FILE = "WatchOS2 Extension/Info.plist";
				LD_RUNPATH_SEARCH_PATHS = "$(inherited) @executable_path/Frameworks @executable_path/../../Frameworks";
				PRODUCT_BUNDLE_IDENTIFIER = com.georgejose.Demo.watchkitapp.watchkitextension;
				PRODUCT_NAME = "${TARGET_NAME}";
				SDKROOT = watchos;
				SKIP_INSTALL = YES;
				TARGETED_DEVICE_FAMILY = 4;
				WATCHOS_DEPLOYMENT_TARGET = 2.0;
			};
			name = Debug;
		};
		FEC3EDE21BA73651001EC2FC /* Release */ = {
			isa = XCBuildConfiguration;
			buildSettings = {
				ASSETCATALOG_COMPILER_COMPLICATION_NAME = Complication;
				INFOPLIST_FILE = "WatchOS2 Extension/Info.plist";
				LD_RUNPATH_SEARCH_PATHS = "$(inherited) @executable_path/Frameworks @executable_path/../../Frameworks";
				PRODUCT_BUNDLE_IDENTIFIER = com.georgejose.Demo.watchkitapp.watchkitextension;
				PRODUCT_NAME = "${TARGET_NAME}";
				SDKROOT = watchos;
				SKIP_INSTALL = YES;
				TARGETED_DEVICE_FAMILY = 4;
				WATCHOS_DEPLOYMENT_TARGET = 2.0;
			};
			name = Release;
		};
		FEC3EDE51BA73651001EC2FC /* Debug */ = {
			isa = XCBuildConfiguration;
			buildSettings = {
				ASSETCATALOG_COMPILER_APPICON_NAME = AppIcon;
				EMBEDDED_CONTENT_CONTAINS_SWIFT = YES;
				IBSC_MODULE = WatchOS2_Extension;
				INFOPLIST_FILE = WatchOS2/Info.plist;
				PRODUCT_BUNDLE_IDENTIFIER = com.georgejose.Demo.watchkitapp;
				PRODUCT_NAME = "$(TARGET_NAME)";
				SDKROOT = watchos;
				SKIP_INSTALL = YES;
				TARGETED_DEVICE_FAMILY = 4;
				WATCHOS_DEPLOYMENT_TARGET = 2.0;
			};
			name = Debug;
		};
		FEC3EDE61BA73651001EC2FC /* Release */ = {
			isa = XCBuildConfiguration;
			buildSettings = {
				ASSETCATALOG_COMPILER_APPICON_NAME = AppIcon;
				EMBEDDED_CONTENT_CONTAINS_SWIFT = YES;
				IBSC_MODULE = WatchOS2_Extension;
				INFOPLIST_FILE = WatchOS2/Info.plist;
				PRODUCT_BUNDLE_IDENTIFIER = com.georgejose.Demo.watchkitapp;
				PRODUCT_NAME = "$(TARGET_NAME)";
				SDKROOT = watchos;
				SKIP_INSTALL = YES;
				TARGETED_DEVICE_FAMILY = 4;
				WATCHOS_DEPLOYMENT_TARGET = 2.0;
			};
			name = Release;
		};
		FED7D08C1BA4D5CE00AEA0BA /* Debug */ = {
			isa = XCBuildConfiguration;
			buildSettings = {
				ALWAYS_SEARCH_USER_PATHS = NO;
				CLANG_CXX_LANGUAGE_STANDARD = "gnu++0x";
				CLANG_CXX_LIBRARY = "libc++";
				CLANG_ENABLE_MODULES = YES;
				CLANG_ENABLE_OBJC_ARC = YES;
				CLANG_WARN_BOOL_CONVERSION = YES;
				CLANG_WARN_CONSTANT_CONVERSION = YES;
				CLANG_WARN_DIRECT_OBJC_ISA_USAGE = YES_ERROR;
				CLANG_WARN_EMPTY_BODY = YES;
				CLANG_WARN_ENUM_CONVERSION = YES;
				CLANG_WARN_INT_CONVERSION = YES;
				CLANG_WARN_OBJC_ROOT_CLASS = YES_ERROR;
				CLANG_WARN_UNREACHABLE_CODE = YES;
				CLANG_WARN__DUPLICATE_METHOD_MATCH = YES;
				"CODE_SIGN_IDENTITY[sdk=iphoneos*]" = "iPhone Developer";
				COPY_PHASE_STRIP = NO;
				DEBUG_INFORMATION_FORMAT = dwarf;
				ENABLE_STRICT_OBJC_MSGSEND = YES;
				ENABLE_TESTABILITY = YES;
				GCC_C_LANGUAGE_STANDARD = gnu99;
				GCC_DYNAMIC_NO_PIC = NO;
				GCC_NO_COMMON_BLOCKS = YES;
				GCC_OPTIMIZATION_LEVEL = 0;
				GCC_PREPROCESSOR_DEFINITIONS = (
					"DEBUG=1",
					"$(inherited)",
				);
				GCC_WARN_64_TO_32_BIT_CONVERSION = YES;
				GCC_WARN_ABOUT_RETURN_TYPE = YES_ERROR;
				GCC_WARN_UNDECLARED_SELECTOR = YES;
				GCC_WARN_UNINITIALIZED_AUTOS = YES_AGGRESSIVE;
				GCC_WARN_UNUSED_FUNCTION = YES;
				GCC_WARN_UNUSED_VARIABLE = YES;
				IPHONEOS_DEPLOYMENT_TARGET = 9.0;
				MTL_ENABLE_DEBUG_INFO = YES;
				ONLY_ACTIVE_ARCH = YES;
				SDKROOT = iphoneos;
				SWIFT_OPTIMIZATION_LEVEL = "-Onone";
				TARGETED_DEVICE_FAMILY = "1,2";
			};
			name = Debug;
		};
		FED7D08D1BA4D5CE00AEA0BA /* Release */ = {
			isa = XCBuildConfiguration;
			buildSettings = {
				ALWAYS_SEARCH_USER_PATHS = NO;
				CLANG_CXX_LANGUAGE_STANDARD = "gnu++0x";
				CLANG_CXX_LIBRARY = "libc++";
				CLANG_ENABLE_MODULES = YES;
				CLANG_ENABLE_OBJC_ARC = YES;
				CLANG_WARN_BOOL_CONVERSION = YES;
				CLANG_WARN_CONSTANT_CONVERSION = YES;
				CLANG_WARN_DIRECT_OBJC_ISA_USAGE = YES_ERROR;
				CLANG_WARN_EMPTY_BODY = YES;
				CLANG_WARN_ENUM_CONVERSION = YES;
				CLANG_WARN_INT_CONVERSION = YES;
				CLANG_WARN_OBJC_ROOT_CLASS = YES_ERROR;
				CLANG_WARN_UNREACHABLE_CODE = YES;
				CLANG_WARN__DUPLICATE_METHOD_MATCH = YES;
				"CODE_SIGN_IDENTITY[sdk=iphoneos*]" = "iPhone Developer";
				COPY_PHASE_STRIP = NO;
				DEBUG_INFORMATION_FORMAT = "dwarf-with-dsym";
				ENABLE_NS_ASSERTIONS = NO;
				ENABLE_STRICT_OBJC_MSGSEND = YES;
				GCC_C_LANGUAGE_STANDARD = gnu99;
				GCC_NO_COMMON_BLOCKS = YES;
				GCC_WARN_64_TO_32_BIT_CONVERSION = YES;
				GCC_WARN_ABOUT_RETURN_TYPE = YES_ERROR;
				GCC_WARN_UNDECLARED_SELECTOR = YES;
				GCC_WARN_UNINITIALIZED_AUTOS = YES_AGGRESSIVE;
				GCC_WARN_UNUSED_FUNCTION = YES;
				GCC_WARN_UNUSED_VARIABLE = YES;
				IPHONEOS_DEPLOYMENT_TARGET = 9.0;
				MTL_ENABLE_DEBUG_INFO = NO;
				SDKROOT = iphoneos;
				TARGETED_DEVICE_FAMILY = "1,2";
				VALIDATE_PRODUCT = YES;
			};
			name = Release;
		};
		FED7D08F1BA4D5CE00AEA0BA /* Debug */ = {
			isa = XCBuildConfiguration;
			buildSettings = {
				ASSETCATALOG_COMPILER_COMPLICATION_NAME = Complication;
				CODE_SIGN_IDENTITY = "iPhone Developer";
				"CODE_SIGN_IDENTITY[sdk=watchos*]" = "iPhone Developer";
				INFOPLIST_FILE = "Demo WatchKit Extension/Info.plist";
				LD_RUNPATH_SEARCH_PATHS = "$(inherited) @executable_path/Frameworks @executable_path/../../Frameworks";
				PRODUCT_BUNDLE_IDENTIFIER = com.georgejose.Demo.watchkitapp.watchkitextension;
				PRODUCT_NAME = "${TARGET_NAME}";
				PROVISIONING_PROFILE = "";
				SDKROOT = watchos;
				SKIP_INSTALL = YES;
				TARGETED_DEVICE_FAMILY = 4;
				WATCHOS_DEPLOYMENT_TARGET = 2.0;
			};
			name = Debug;
		};
		FED7D0901BA4D5CE00AEA0BA /* Release */ = {
			isa = XCBuildConfiguration;
			buildSettings = {
				ASSETCATALOG_COMPILER_COMPLICATION_NAME = Complication;
				CODE_SIGN_IDENTITY = "iPhone Developer";
				"CODE_SIGN_IDENTITY[sdk=watchos*]" = "iPhone Developer";
				INFOPLIST_FILE = "Demo WatchKit Extension/Info.plist";
				LD_RUNPATH_SEARCH_PATHS = "$(inherited) @executable_path/Frameworks @executable_path/../../Frameworks";
				PRODUCT_BUNDLE_IDENTIFIER = com.georgejose.Demo.watchkitapp.watchkitextension;
				PRODUCT_NAME = "${TARGET_NAME}";
				PROVISIONING_PROFILE = "";
				SDKROOT = watchos;
				SKIP_INSTALL = YES;
				TARGETED_DEVICE_FAMILY = 4;
				WATCHOS_DEPLOYMENT_TARGET = 2.0;
			};
			name = Release;
		};
		FED7D0931BA4D5CE00AEA0BA /* Debug */ = {
			isa = XCBuildConfiguration;
			buildSettings = {
				ASSETCATALOG_COMPILER_APPICON_NAME = AppIcon;
				EMBEDDED_CONTENT_CONTAINS_SWIFT = YES;
				IBSC_MODULE = Demo_WatchKit_Extension;
				INFOPLIST_FILE = "Demo WatchKit App/Info.plist";
				PRODUCT_BUNDLE_IDENTIFIER = com.georgejose.Demo.watchkitapp;
				PRODUCT_NAME = "$(TARGET_NAME)";
				SDKROOT = watchos;
				SKIP_INSTALL = YES;
				TARGETED_DEVICE_FAMILY = 4;
				WATCHOS_DEPLOYMENT_TARGET = 2.0;
			};
			name = Debug;
		};
		FED7D0941BA4D5CE00AEA0BA /* Release */ = {
			isa = XCBuildConfiguration;
			buildSettings = {
				ASSETCATALOG_COMPILER_APPICON_NAME = AppIcon;
				EMBEDDED_CONTENT_CONTAINS_SWIFT = YES;
				IBSC_MODULE = Demo_WatchKit_Extension;
				INFOPLIST_FILE = "Demo WatchKit App/Info.plist";
				PRODUCT_BUNDLE_IDENTIFIER = com.georgejose.Demo.watchkitapp;
				PRODUCT_NAME = "$(TARGET_NAME)";
				SDKROOT = watchos;
				SKIP_INSTALL = YES;
				TARGETED_DEVICE_FAMILY = 4;
				WATCHOS_DEPLOYMENT_TARGET = 2.0;
			};
			name = Release;
		};
		FED7D0971BA4D5CE00AEA0BA /* Debug */ = {
			isa = XCBuildConfiguration;
			buildSettings = {
				ASSETCATALOG_COMPILER_APPICON_NAME = AppIcon;
				INFOPLIST_FILE = Demo/Info.plist;
				LD_RUNPATH_SEARCH_PATHS = "$(inherited) @executable_path/Frameworks";
				PRODUCT_BUNDLE_IDENTIFIER = com.georgejose.Demo;
				PRODUCT_NAME = "$(TARGET_NAME)";
			};
			name = Debug;
		};
		FED7D0981BA4D5CE00AEA0BA /* Release */ = {
			isa = XCBuildConfiguration;
			buildSettings = {
				ASSETCATALOG_COMPILER_APPICON_NAME = AppIcon;
				INFOPLIST_FILE = Demo/Info.plist;
				LD_RUNPATH_SEARCH_PATHS = "$(inherited) @executable_path/Frameworks";
				PRODUCT_BUNDLE_IDENTIFIER = com.georgejose.Demo;
				PRODUCT_NAME = "$(TARGET_NAME)";
			};
			name = Release;
		};
/* End XCBuildConfiguration section */

/* Begin XCConfigurationList section */
		FEC3EDE01BA73651001EC2FC /* Build configuration list for PBXNativeTarget "WatchOS2 Extension" */ = {
			isa = XCConfigurationList;
			buildConfigurations = (
				FEC3EDE11BA73651001EC2FC /* Debug */,
				FEC3EDE21BA73651001EC2FC /* Release */,
			);
			defaultConfigurationIsVisible = 0;
		};
		FEC3EDE41BA73651001EC2FC /* Build configuration list for PBXNativeTarget "WatchOS2" */ = {
			isa = XCConfigurationList;
			buildConfigurations = (
				FEC3EDE51BA73651001EC2FC /* Debug */,
				FEC3EDE61BA73651001EC2FC /* Release */,
			);
			defaultConfigurationIsVisible = 0;
		};
		FED7D0541BA4D5CD00AEA0BA /* Build configuration list for PBXProject "Demo" */ = {
			isa = XCConfigurationList;
			buildConfigurations = (
				FED7D08C1BA4D5CE00AEA0BA /* Debug */,
				FED7D08D1BA4D5CE00AEA0BA /* Release */,
			);
			defaultConfigurationIsVisible = 0;
			defaultConfigurationName = Release;
		};
		FED7D08E1BA4D5CE00AEA0BA /* Build configuration list for PBXNativeTarget "Demo WatchKit Extension" */ = {
			isa = XCConfigurationList;
			buildConfigurations = (
				FED7D08F1BA4D5CE00AEA0BA /* Debug */,
				FED7D0901BA4D5CE00AEA0BA /* Release */,
			);
			defaultConfigurationIsVisible = 0;
			defaultConfigurationName = Release;
		};
		FED7D0921BA4D5CE00AEA0BA /* Build configuration list for PBXNativeTarget "Demo WatchKit App" */ = {
			isa = XCConfigurationList;
			buildConfigurations = (
				FED7D0931BA4D5CE00AEA0BA /* Debug */,
				FED7D0941BA4D5CE00AEA0BA /* Release */,
			);
			defaultConfigurationIsVisible = 0;
			defaultConfigurationName = Release;
		};
		FED7D0961BA4D5CE00AEA0BA /* Build configuration list for PBXNativeTarget "Demo" */ = {
			isa = XCConfigurationList;
			buildConfigurations = (
				FED7D0971BA4D5CE00AEA0BA /* Debug */,
				FED7D0981BA4D5CE00AEA0BA /* Release */,
			);
			defaultConfigurationIsVisible = 0;
			defaultConfigurationName = Release;
		};
/* End XCConfigurationList section */
	};
	rootObject = FED7D0511BA4D5CD00AEA0BA /* Project object */;
}
